
Microsoft Visual Studio Solution File, Format Version 12.00
# Visual Studio Version 16
VisualStudioVersion = 16.0.30002.166
MinimumVisualStudioVersion = 10.0.40219.1
Project("{FAE04EC0-301F-11D3-BF4B-00C04F79EFBC}") = "SistemaPaqueteria", "SistemaPaqueteria\SistemaPaqueteria.csproj", "{EE8DF51F-B6AB-4D33-809E-DDB54BE1E9E3}"
EndProject
Global
	GlobalSection(SolutionConfigurationPlatforms) = preSolution
		Debug|Any CPU = Debug|Any CPU
		Release|Any CPU = Release|Any CPU
	EndGlobalSection
	GlobalSection(ProjectConfigurationPlatforms) = postSolution
		{EE8DF51F-B6AB-4D33-809E-DDB54BE1E9E3}.Debug|Any CPU.ActiveCfg = Debug|Any CPU
		{EE8DF51F-B6AB-4D33-809E-DDB54BE1E9E3}.Debug|Any CPU.Build.0 = Debug|Any CPU
		{EE8DF51F-B6AB-4D33-809E-DDB54BE1E9E3}.Release|Any CPU.ActiveCfg = Release|Any CPU
		{EE8DF51F-B6AB-4D33-809E-DDB54BE1E9E3}.Release|Any CPU.Build.0 = Release|Any CPU
	EndGlobalSection
	GlobalSection(SolutionProperties) = preSolution
		HideSolutionNode = FALSE
	EndGlobalSection
	GlobalSection(ExtensibilityGlobals) = postSolution
		SolutionGuid = {E6B9B757-4602-473F-9BAB-FE946C31C5CD}
	EndGlobalSection
EndGlobal
